// !$*UTF8*$!
{
	archiveVersion = 1;
	classes = {
	};
	objectVersion = 46;
	objects = {

/* Begin PBXBuildFile section */
		AD09D68F1E49A2BA003AD3AE /* main.m in Sources */ = {isa = PBXBuildFile; fileRef = AD09D68E1E49A2BA003AD3AE /* main.m */; };
		AD09D6921E49A2BA003AD3AE /* AppDelegate.m in Sources */ = {isa = PBXBuildFile; fileRef = AD09D6911E49A2BA003AD3AE /* AppDelegate.m */; };
		AD09D6951E49A2BA003AD3AE /* ViewController.m in Sources */ = {isa = PBXBuildFile; fileRef = AD09D6941E49A2BA003AD3AE /* ViewController.m */; };
		AD09D6981E49A2BA003AD3AE /* Main.storyboard in Resources */ = {isa = PBXBuildFile; fileRef = AD09D6961E49A2BA003AD3AE /* Main.storyboard */; };
		AD09D69A1E49A2BA003AD3AE /* Assets.xcassets in Resources */ = {isa = PBXBuildFile; fileRef = AD09D6991E49A2BA003AD3AE /* Assets.xcassets */; };
		AD09D69D1E49A2BA003AD3AE /* LaunchScreen.storyboard in Resources */ = {isa = PBXBuildFile; fileRef = AD09D69B1E49A2BA003AD3AE /* LaunchScreen.storyboard */; };
		AD09D6A81E49A2BA003AD3AE /* CZYGoodsDetailTests.m in Sources */ = {isa = PBXBuildFile; fileRef = AD09D6A71E49A2BA003AD3AE /* CZYGoodsDetailTests.m */; };
		AD09D6B31E49A2BA003AD3AE /* CZYGoodsDetailUITests.m in Sources */ = {isa = PBXBuildFile; fileRef = AD09D6B21E49A2BA003AD3AE /* CZYGoodsDetailUITests.m */; };
		AD09D6C61E49A2ED003AD3AE /* CZYGoodsDetailServiceProvide.m in Sources */ = {isa = PBXBuildFile; fileRef = AD09D6C21E49A2ED003AD3AE /* CZYGoodsDetailServiceProvide.m */; };
		AD09D6C71E49A2ED003AD3AE /* CZYGoodsDetailViewController.m in Sources */ = {isa = PBXBuildFile; fileRef = AD09D6C41E49A2ED003AD3AE /* CZYGoodsDetailViewController.m */; };
		AD09D6C81E49A2ED003AD3AE /* CZYGoodsDetailViewController.xib in Resources */ = {isa = PBXBuildFile; fileRef = AD09D6C51E49A2ED003AD3AE /* CZYGoodsDetailViewController.xib */; };
		E339E121EA5539B92B704479 /* libPods-CZYGoodsDetail.a in Frameworks */ = {isa = PBXBuildFile; fileRef = E505351C8D4032A370494B47 /* libPods-CZYGoodsDetail.a */; };
/* End PBXBuildFile section */

/* Begin PBXContainerItemProxy section */
		AD09D6A41E49A2BA003AD3AE /* PBXContainerItemProxy */ = {
			isa = PBXContainerItemProxy;
			containerPortal = AD09D6821E49A2BA003AD3AE /* Project object */;
			proxyType = 1;
			remoteGlobalIDString = AD09D6891E49A2BA003AD3AE;
			remoteInfo = CZYGoodsDetail;
		};
		AD09D6AF1E49A2BA003AD3AE /* PBXContainerItemProxy */ = {
			isa = PBXContainerItemProxy;
			containerPortal = AD09D6821E49A2BA003AD3AE /* Project object */;
			proxyType = 1;
			remoteGlobalIDString = AD09D6891E49A2BA003AD3AE;
			remoteInfo = CZYGoodsDetail;
		};
/* End PBXContainerItemProxy section */

/* Begin PBXFileReference section */
		7FA0F06A7FA7CA5C89380412 /* Pods-CZYGoodsDetail.debug.xcconfig */ = {isa = PBXFileReference; includeInIndex = 1; lastKnownFileType = text.xcconfig; name = "Pods-CZYGoodsDetail.debug.xcconfig"; path = "Pods/Target Support Files/Pods-CZYGoodsDetail/Pods-CZYGoodsDetail.debug.xcconfig"; sourceTree = "<group>"; };
		AD09D68A1E49A2BA003AD3AE /* CZYGoodsDetail.app */ = {isa = PBXFileReference; explicitFileType = wrapper.application; includeInIndex = 0; path = CZYGoodsDetail.app; sourceTree = BUILT_PRODUCTS_DIR; };
		AD09D68E1E49A2BA003AD3AE /* main.m */ = {isa = PBXFileReference; lastKnownFileType = sourcecode.c.objc; path = main.m; sourceTree = "<group>"; };
		AD09D6901E49A2BA003AD3AE /* AppDelegate.h */ = {isa = PBXFileReference; lastKnownFileType = sourcecode.c.h; path = AppDelegate.h; sourceTree = "<group>"; };
		AD09D6911E49A2BA003AD3AE /* AppDelegate.m */ = {isa = PBXFileReference; lastKnownFileType = sourcecode.c.objc; path = AppDelegate.m; sourceTree = "<group>"; };
		AD09D6931E49A2BA003AD3AE /* ViewController.h */ = {isa = PBXFileReference; lastKnownFileType = sourcecode.c.h; path = ViewController.h; sourceTree = "<group>"; };
		AD09D6941E49A2BA003AD3AE /* ViewController.m */ = {isa = PBXFileReference; lastKnownFileType = sourcecode.c.objc; path = ViewController.m; sourceTree = "<group>"; };
		AD09D6971E49A2BA003AD3AE /* Base */ = {isa = PBXFileReference; lastKnownFileType = file.storyboard; name = Base; path = Base.lproj/Main.storyboard; sourceTree = "<group>"; };
		AD09D6991E49A2BA003AD3AE /* Assets.xcassets */ = {isa = PBXFileReference; lastKnownFileType = folder.assetcatalog; path = Assets.xcassets; sourceTree = "<group>"; };
		AD09D69C1E49A2BA003AD3AE /* Base */ = {isa = PBXFileReference; lastKnownFileType = file.storyboard; name = Base; path = Base.lproj/LaunchScreen.storyboard; sourceTree = "<group>"; };
		AD09D69E1E49A2BA003AD3AE /* Info.plist */ = {isa = PBXFileReference; lastKnownFileType = text.plist.xml; path = Info.plist; sourceTree = "<group>"; };
		AD09D6A31E49A2BA003AD3AE /* CZYGoodsDetailTests.xctest */ = {isa = PBXFileReference; explicitFileType = wrapper.cfbundle; includeInIndex = 0; path = CZYGoodsDetailTests.xctest; sourceTree = BUILT_PRODUCTS_DIR; };
		AD09D6A71E49A2BA003AD3AE /* CZYGoodsDetailTests.m */ = {isa = PBXFileReference; lastKnownFileType = sourcecode.c.objc; path = CZYGoodsDetailTests.m; sourceTree = "<group>"; };
		AD09D6A91E49A2BA003AD3AE /* Info.plist */ = {isa = PBXFileReference; lastKnownFileType = text.plist.xml; path = Info.plist; sourceTree = "<group>"; };
		AD09D6AE1E49A2BA003AD3AE /* CZYGoodsDetailUITests.xctest */ = {isa = PBXFileReference; explicitFileType = wrapper.cfbundle; includeInIndex = 0; path = CZYGoodsDetailUITests.xctest; sourceTree = BUILT_PRODUCTS_DIR; };
		AD09D6B21E49A2BA003AD3AE /* CZYGoodsDetailUITests.m */ = {isa = PBXFileReference; lastKnownFileType = sourcecode.c.objc; path = CZYGoodsDetailUITests.m; sourceTree = "<group>"; };
		AD09D6B41E49A2BA003AD3AE /* Info.plist */ = {isa = PBXFileReference; lastKnownFileType = text.plist.xml; path = Info.plist; sourceTree = "<group>"; };
		AD09D6C11E49A2ED003AD3AE /* CZYGoodsDetailServiceProvide.h */ = {isa = PBXFileReference; fileEncoding = 4; lastKnownFileType = sourcecode.c.h; path = CZYGoodsDetailServiceProvide.h; sourceTree = "<group>"; };
		AD09D6C21E49A2ED003AD3AE /* CZYGoodsDetailServiceProvide.m */ = {isa = PBXFileReference; fileEncoding = 4; lastKnownFileType = sourcecode.c.objc; path = CZYGoodsDetailServiceProvide.m; sourceTree = "<group>"; };
		AD09D6C31E49A2ED003AD3AE /* CZYGoodsDetailViewController.h */ = {isa = PBXFileReference; fileEncoding = 4; lastKnownFileType = sourcecode.c.h; path = CZYGoodsDetailViewController.h; sourceTree = "<group>"; };
		AD09D6C41E49A2ED003AD3AE /* CZYGoodsDetailViewController.m */ = {isa = PBXFileReference; fileEncoding = 4; lastKnownFileType = sourcecode.c.objc; path = CZYGoodsDetailViewController.m; sourceTree = "<group>"; };
		AD09D6C51E49A2ED003AD3AE /* CZYGoodsDetailViewController.xib */ = {isa = PBXFileReference; fileEncoding = 4; lastKnownFileType = file.xib; path = CZYGoodsDetailViewController.xib; sourceTree = "<group>"; };
		E505351C8D4032A370494B47 /* libPods-CZYGoodsDetail.a */ = {isa = PBXFileReference; explicitFileType = archive.ar; includeInIndex = 0; path = "libPods-CZYGoodsDetail.a"; sourceTree = BUILT_PRODUCTS_DIR; };
		EC9F3E6B4B8294AB3D21A6E4 /* Pods-CZYGoodsDetail.release.xcconfig */ = {isa = PBXFileReference; includeInIndex = 1; lastKnownFileType = text.xcconfig; name = "Pods-CZYGoodsDetail.release.xcconfig"; path = "Pods/Target Support Files/Pods-CZYGoodsDetail/Pods-CZYGoodsDetail.release.xcconfig"; sourceTree = "<group>"; };
/* End PBXFileReference section */

/* Begin PBXFrameworksBuildPhase section */
		AD09D6871E49A2BA003AD3AE /* Frameworks */ = {
			isa = PBXFrameworksBuildPhase;
			buildActionMask = 2147483647;
			files = (
				E339E121EA5539B92B704479 /* libPods-CZYGoodsDetail.a in Frameworks */,
			);
			runOnlyForDeploymentPostprocessing = 0;
		};
		AD09D6A01E49A2BA003AD3AE /* Frameworks */ = {
			isa = PBXFrameworksBuildPhase;
			buildActionMask = 2147483647;
			files = (
			);
			runOnlyForDeploymentPostprocessing = 0;
		};
		AD09D6AB1E49A2BA003AD3AE /* Frameworks */ = {
			isa = PBXFrameworksBuildPhase;
			buildActionMask = 2147483647;
			files = (
			);
			runOnlyForDeploymentPostprocessing = 0;
		};
/* End PBXFrameworksBuildPhase section */

/* Begin PBXGroup section */
		871A4BFA09D7A2E61BF7BEE7 /* Frameworks */ = {
			isa = PBXGroup;
			children = (
				E505351C8D4032A370494B47 /* libPods-CZYGoodsDetail.a */,
			);
			name = Frameworks;
			sourceTree = "<group>";
		};
		A653FB7016FB04309B7CE58A /* Pods */ = {
			isa = PBXGroup;
			children = (
				7FA0F06A7FA7CA5C89380412 /* Pods-CZYGoodsDetail.debug.xcconfig */,
				EC9F3E6B4B8294AB3D21A6E4 /* Pods-CZYGoodsDetail.release.xcconfig */,
			);
			name = Pods;
			sourceTree = "<group>";
		};
		AD09D6811E49A2BA003AD3AE = {
			isa = PBXGroup;
			children = (
				AD09D68C1E49A2BA003AD3AE /* CZYGoodsDetail */,
				AD09D6A61E49A2BA003AD3AE /* CZYGoodsDetailTests */,
				AD09D6B11E49A2BA003AD3AE /* CZYGoodsDetailUITests */,
				AD09D68B1E49A2BA003AD3AE /* Products */,
				A653FB7016FB04309B7CE58A /* Pods */,
				871A4BFA09D7A2E61BF7BEE7 /* Frameworks */,
			);
			sourceTree = "<group>";
		};
		AD09D68B1E49A2BA003AD3AE /* Products */ = {
			isa = PBXGroup;
			children = (
				AD09D68A1E49A2BA003AD3AE /* CZYGoodsDetail.app */,
				AD09D6A31E49A2BA003AD3AE /* CZYGoodsDetailTests.xctest */,
				AD09D6AE1E49A2BA003AD3AE /* CZYGoodsDetailUITests.xctest */,
			);
			name = Products;
			sourceTree = "<group>";
		};
		AD09D68C1E49A2BA003AD3AE /* CZYGoodsDetail */ = {
			isa = PBXGroup;
			children = (
				AD09D6C01E49A2D1003AD3AE /* CZYGoodsDetail */,
				AD09D6901E49A2BA003AD3AE /* AppDelegate.h */,
				AD09D6911E49A2BA003AD3AE /* AppDelegate.m */,
				AD09D6931E49A2BA003AD3AE /* ViewController.h */,
				AD09D6941E49A2BA003AD3AE /* ViewController.m */,
				AD09D6961E49A2BA003AD3AE /* Main.storyboard */,
				AD09D6991E49A2BA003AD3AE /* Assets.xcassets */,
				AD09D69B1E49A2BA003AD3AE /* LaunchScreen.storyboard */,
				AD09D69E1E49A2BA003AD3AE /* Info.plist */,
				AD09D68D1E49A2BA003AD3AE /* Supporting Files */,
			);
			path = CZYGoodsDetail;
			sourceTree = "<group>";
		};
		AD09D68D1E49A2BA003AD3AE /* Supporting Files */ = {
			isa = PBXGroup;
			children = (
				AD09D68E1E49A2BA003AD3AE /* main.m */,
			);
			name = "Supporting Files";
			sourceTree = "<group>";
		};
		AD09D6A61E49A2BA003AD3AE /* CZYGoodsDetailTests */ = {
			isa = PBXGroup;
			children = (
				AD09D6A71E49A2BA003AD3AE /* CZYGoodsDetailTests.m */,
				AD09D6A91E49A2BA003AD3AE /* Info.plist */,
			);
			path = CZYGoodsDetailTests;
			sourceTree = "<group>";
		};
		AD09D6B11E49A2BA003AD3AE /* CZYGoodsDetailUITests */ = {
			isa = PBXGroup;
			children = (
				AD09D6B21E49A2BA003AD3AE /* CZYGoodsDetailUITests.m */,
				AD09D6B41E49A2BA003AD3AE /* Info.plist */,
			);
			path = CZYGoodsDetailUITests;
			sourceTree = "<group>";
		};
		AD09D6C01E49A2D1003AD3AE /* CZYGoodsDetail */ = {
			isa = PBXGroup;
			children = (
				AD09D6C11E49A2ED003AD3AE /* CZYGoodsDetailServiceProvide.h */,
				AD09D6C21E49A2ED003AD3AE /* CZYGoodsDetailServiceProvide.m */,
				AD09D6C31E49A2ED003AD3AE /* CZYGoodsDetailViewController.h */,
				AD09D6C41E49A2ED003AD3AE /* CZYGoodsDetailViewController.m */,
				AD09D6C51E49A2ED003AD3AE /* CZYGoodsDetailViewController.xib */,
			);
			path = CZYGoodsDetail;
			sourceTree = "<group>";
		};
/* End PBXGroup section */

/* Begin PBXNativeTarget section */
		AD09D6891E49A2BA003AD3AE /* CZYGoodsDetail */ = {
			isa = PBXNativeTarget;
			buildConfigurationList = AD09D6B71E49A2BA003AD3AE /* Build configuration list for PBXNativeTarget "CZYGoodsDetail" */;
			buildPhases = (
				C6DD9E9FF328933E57DACB4C /* Check Pods Manifest.lock */,
				AD09D6861E49A2BA003AD3AE /* Sources */,
				AD09D6871E49A2BA003AD3AE /* Frameworks */,
				AD09D6881E49A2BA003AD3AE /* Resources */,
				EDC45A75EC6E5B1E4ED83385 /* Embed Pods Frameworks */,
				D9A57D5D07552B26C513C087 /* Copy Pods Resources */,
			);
			buildRules = (
			);
			dependencies = (
			);
			name = CZYGoodsDetail;
			productName = CZYGoodsDetail;
			productReference = AD09D68A1E49A2BA003AD3AE /* CZYGoodsDetail.app */;
			productType = "com.apple.product-type.application";
		};
		AD09D6A21E49A2BA003AD3AE /* CZYGoodsDetailTests */ = {
			isa = PBXNativeTarget;
			buildConfigurationList = AD09D6BA1E49A2BA003AD3AE /* Build configuration list for PBXNativeTarget "CZYGoodsDetailTests" */;
			buildPhases = (
				AD09D69F1E49A2BA003AD3AE /* Sources */,
				AD09D6A01E49A2BA003AD3AE /* Frameworks */,
				AD09D6A11E49A2BA003AD3AE /* Resources */,
			);
			buildRules = (
			);
			dependencies = (
				AD09D6A51E49A2BA003AD3AE /* PBXTargetDependency */,
			);
			name = CZYGoodsDetailTests;
			productName = CZYGoodsDetailTests;
			productReference = AD09D6A31E49A2BA003AD3AE /* CZYGoodsDetailTests.xctest */;
			productType = "com.apple.product-type.bundle.unit-test";
		};
		AD09D6AD1E49A2BA003AD3AE /* CZYGoodsDetailUITests */ = {
			isa = PBXNativeTarget;
			buildConfigurationList = AD09D6BD1E49A2BA003AD3AE /* Build configuration list for PBXNativeTarget "CZYGoodsDetailUITests" */;
			buildPhases = (
				AD09D6AA1E49A2BA003AD3AE /* Sources */,
				AD09D6AB1E49A2BA003AD3AE /* Frameworks */,
				AD09D6AC1E49A2BA003AD3AE /* Resources */,
			);
			buildRules = (
			);
			dependencies = (
				AD09D6B01E49A2BA003AD3AE /* PBXTargetDependency */,
			);
			name = CZYGoodsDetailUITests;
			productName = CZYGoodsDetailUITests;
			productReference = AD09D6AE1E49A2BA003AD3AE /* CZYGoodsDetailUITests.xctest */;
			productType = "com.apple.product-type.bundle.ui-testing";
		};
/* End PBXNativeTarget section */

/* Begin PBXProject section */
		AD09D6821E49A2BA003AD3AE /* Project object */ = {
			isa = PBXProject;
			attributes = {
				LastUpgradeCheck = 0820;
				ORGANIZATIONNAME = czy;
				TargetAttributes = {
					AD09D6891E49A2BA003AD3AE = {
						CreatedOnToolsVersion = 8.2.1;
						ProvisioningStyle = Automatic;
					};
					AD09D6A21E49A2BA003AD3AE = {
						CreatedOnToolsVersion = 8.2.1;
						ProvisioningStyle = Automatic;
						TestTargetID = AD09D6891E49A2BA003AD3AE;
					};
					AD09D6AD1E49A2BA003AD3AE = {
						CreatedOnToolsVersion = 8.2.1;
						ProvisioningStyle = Automatic;
						TestTargetID = AD09D6891E49A2BA003AD3AE;
					};
				};
			};
			buildConfigurationList = AD09D6851E49A2BA003AD3AE /* Build configuration list for PBXProject "CZYGoodsDetail" */;
			compatibilityVersion = "Xcode 3.2";
			developmentRegion = English;
			hasScannedForEncodings = 0;
			knownRegions = (
				en,
				Base,
			);
			mainGroup = AD09D6811E49A2BA003AD3AE;
			productRefGroup = AD09D68B1E49A2BA003AD3AE /* Products */;
			projectDirPath = "";
			projectRoot = "";
			targets = (
				AD09D6891E49A2BA003AD3AE /* CZYGoodsDetail */,
				AD09D6A21E49A2BA003AD3AE /* CZYGoodsDetailTests */,
				AD09D6AD1E49A2BA003AD3AE /* CZYGoodsDetailUITests */,
			);
		};
/* End PBXProject section */

/* Begin PBXResourcesBuildPhase section */
		AD09D6881E49A2BA003AD3AE /* Resources */ = {
			isa = PBXResourcesBuildPhase;
			buildActionMask = 2147483647;
			files = (
				AD09D69D1E49A2BA003AD3AE /* LaunchScreen.storyboard in Resources */,
				AD09D69A1E49A2BA003AD3AE /* Assets.xcassets in Resources */,
				AD09D6C81E49A2ED003AD3AE /* CZYGoodsDetailViewController.xib in Resources */,
				AD09D6981E49A2BA003AD3AE /* Main.storyboard in Resources */,
			);
			runOnlyForDeploymentPostprocessing = 0;
		};
		AD09D6A11E49A2BA003AD3AE /* Resources */ = {
			isa = PBXResourcesBuildPhase;
			buildActionMask = 2147483647;
			files = (
			);
			runOnlyForDeploymentPostprocessing = 0;
		};
		AD09D6AC1E49A2BA003AD3AE /* Resources */ = {
			isa = PBXResourcesBuildPhase;
			buildActionMask = 2147483647;
			files = (
			);
			runOnlyForDeploymentPostprocessing = 0;
		};
/* End PBXResourcesBuildPhase section */

/* Begin PBXShellScriptBuildPhase section */
		C6DD9E9FF328933E57DACB4C /* Check Pods Manifest.lock */ = {
			isa = PBXShellScriptBuildPhase;
			buildActionMask = 2147483647;
			files = (
			);
			inputPaths = (
			);
			name = "Check Pods Manifest.lock";
			outputPaths = (
			);
			runOnlyForDeploymentPostprocessing = 0;
			shellPath = /bin/sh;
			shellScript = "diff \"${PODS_ROOT}/../Podfile.lock\" \"${PODS_ROOT}/Manifest.lock\" > /dev/null\nif [[ $? != 0 ]] ; then\n    cat << EOM\nerror: The sandbox is not in sync with the Podfile.lock. Run 'pod install' or update your CocoaPods installation.\nEOM\n    exit 1\nfi\n";
			showEnvVarsInLog = 0;
		};
		D9A57D5D07552B26C513C087 /* Copy Pods Resources */ = {
			isa = PBXShellScriptBuildPhase;
			buildActionMask = 2147483647;
			files = (
			);
			inputPaths = (
			);
			name = "Copy Pods Resources";
			outputPaths = (
			);
			runOnlyForDeploymentPostprocessing = 0;
			shellPath = /bin/sh;
			shellScript = "\"${SRCROOT}/Pods/Target Support Files/Pods-CZYGoodsDetail/Pods-CZYGoodsDetail-resources.sh\"\n";
			showEnvVarsInLog = 0;
		};
		EDC45A75EC6E5B1E4ED83385 /* Embed Pods Frameworks */ = {
			isa = PBXShellScriptBuildPhase;
			buildActionMask = 2147483647;
			files = (
			);
			inputPaths = (
			);
			name = "Embed Pods Frameworks";
			outputPaths = (
			);
			runOnlyForDeploymentPostprocessing = 0;
			shellPath = /bin/sh;
			shellScript = "\"${SRCROOT}/Pods/Target Support Files/Pods-CZYGoodsDetail/Pods-CZYGoodsDetail-frameworks.sh\"\n";
			showEnvVarsInLog = 0;
		};
/* End PBXShellScriptBuildPhase section */

/* Begin PBXSourcesBuildPhase section */
		AD09D6861E49A2BA003AD3AE /* Sources */ = {
			isa = PBXSourcesBuildPhase;
			buildActionMask = 2147483647;
			files = (
				AD09D6C61E49A2ED003AD3AE /* CZYGoodsDetailServiceProvide.m in Sources */,
				AD09D6951E49A2BA003AD3AE /* ViewController.m in Sources */,
				AD09D6C71E49A2ED003AD3AE /* CZYGoodsDetailViewController.m in Sources */,
				AD09D6921E49A2BA003AD3AE /* AppDelegate.m in Sources */,
				AD09D68F1E49A2BA003AD3AE /* main.m in Sources */,
			);
			runOnlyForDeploymentPostprocessing = 0;
		};
		AD09D69F1E49A2BA003AD3AE /* Sources */ = {
			isa = PBXSourcesBuildPhase;
			buildActionMask = 2147483647;
			files = (
				AD09D6A81E49A2BA003AD3AE /* CZYGoodsDetailTests.m in Sources */,
			);
			runOnlyForDeploymentPostprocessing = 0;
		};
		AD09D6AA1E49A2BA003AD3AE /* Sources */ = {
			isa = PBXSourcesBuildPhase;
			buildActionMask = 2147483647;
			files = (
				AD09D6B31E49A2BA003AD3AE /* CZYGoodsDetailUITests.m in Sources */,
			);
			runOnlyForDeploymentPostprocessing = 0;
		};
/* End PBXSourcesBuildPhase section */

/* Begin PBXTargetDependency section */
		AD09D6A51E49A2BA003AD3AE /* PBXTargetDependency */ = {
			isa = PBXTargetDependency;
			target = AD09D6891E49A2BA003AD3AE /* CZYGoodsDetail */;
			targetProxy = AD09D6A41E49A2BA003AD3AE /* PBXContainerItemProxy */;
		};
		AD09D6B01E49A2BA003AD3AE /* PBXTargetDependency */ = {
			isa = PBXTargetDependency;
			target = AD09D6891E49A2BA003AD3AE /* CZYGoodsDetail */;
			targetProxy = AD09D6AF1E49A2BA003AD3AE /* PBXContainerItemProxy */;
		};
/* End PBXTargetDependency section */

/* Begin PBXVariantGroup section */
		AD09D6961E49A2BA003AD3AE /* Main.storyboard */ = {
			isa = PBXVariantGroup;
			children = (
				AD09D6971E49A2BA003AD3AE /* Base */,
			);
			name = Main.storyboard;
			sourceTree = "<group>";
		};
		AD09D69B1E49A2BA003AD3AE /* LaunchScreen.storyboard */ = {
			isa = PBXVariantGroup;
			children = (
				AD09D69C1E49A2BA003AD3AE /* Base */,
			);
			name = LaunchScreen.storyboard;
			sourceTree = "<group>";
		};
/* End PBXVariantGroup section */

/* Begin XCBuildConfiguration section */
		AD09D6B51E49A2BA003AD3AE /* Debug */ = {
			isa = XCBuildConfiguration;
			buildSettings = {
				ALWAYS_SEARCH_USER_PATHS = NO;
				CLANG_ANALYZER_NONNULL = YES;
				CLANG_CXX_LANGUAGE_STANDARD = "gnu++0x";
				CLANG_CXX_LIBRARY = "libc++";
				CLANG_ENABLE_MODULES = YES;
				CLANG_ENABLE_OBJC_ARC = YES;
				CLANG_WARN_BOOL_CONVERSION = YES;
				CLANG_WARN_CONSTANT_CONVERSION = YES;
				CLANG_WARN_DIRECT_OBJC_ISA_USAGE = YES_ERROR;
				CLANG_WARN_DOCUMENTATION_COMMENTS = YES;
				CLANG_WARN_EMPTY_BODY = YES;
				CLANG_WARN_ENUM_CONVERSION = YES;
				CLANG_WARN_INFINITE_RECURSION = YES;
				CLANG_WARN_INT_CONVERSION = YES;
				CLANG_WARN_OBJC_ROOT_CLASS = YES_ERROR;
				CLANG_WARN_SUSPICIOUS_MOVE = YES;
				CLANG_WARN_UNREACHABLE_CODE = YES;
				CLANG_WARN__DUPLICATE_METHOD_MATCH = YES;
				"CODE_SIGN_IDENTITY[sdk=iphoneos*]" = "iPhone Developer";
				COPY_PHASE_STRIP = NO;
				DEBUG_INFORMATION_FORMAT = dwarf;
				ENABLE_STRICT_OBJC_MSGSEND = YES;
				ENABLE_TESTABILITY = YES;
				GCC_C_LANGUAGE_STANDARD = gnu99;
				GCC_DYNAMIC_NO_PIC = NO;
				GCC_NO_COMMON_BLOCKS = YES;
				GCC_OPTIMIZATION_LEVEL = 0;
				GCC_PREPROCESSOR_DEFINITIONS = (
					"DEBUG=1",
					"$(inherited)",
				);
				GCC_WARN_64_TO_32_BIT_CONVERSION = YES;
				GCC_WARN_ABOUT_RETURN_TYPE = YES_ERROR;
				GCC_WARN_UNDECLARED_SELECTOR = YES;
				GCC_WARN_UNINITIALIZED_AUTOS = YES_AGGRESSIVE;
				GCC_WARN_UNUSED_FUNCTION = YES;
				GCC_WARN_UNUSED_VARIABLE = YES;
				IPHONEOS_DEPLOYMENT_TARGET = 10.2;
				MTL_ENABLE_DEBUG_INFO = YES;
				ONLY_ACTIVE_ARCH = YES;
				SDKROOT = iphoneos;
			};
			name = Debug;
		};
		AD09D6B61E49A2BA003AD3AE /* Release */ = {
			isa = XCBuildConfiguration;
			buildSettings = {
				ALWAYS_SEARCH_USER_PATHS = NO;
				CLANG_ANALYZER_NONNULL = YES;
				CLANG_CXX_LANGUAGE_STANDARD = "gnu++0x";
				CLANG_CXX_LIBRARY = "libc++";
				CLANG_ENABLE_MODULES = YES;
				CLANG_ENABLE_OBJC_ARC = YES;
				CLANG_WARN_BOOL_CONVERSION = YES;
				CLANG_WARN_CONSTANT_CONVERSION = YES;
				CLANG_WARN_DIRECT_OBJC_ISA_USAGE = YES_ERROR;
				CLANG_WARN_DOCUMENTATION_COMMENTS = YES;
				CLANG_WARN_EMPTY_BODY = YES;
				CLANG_WARN_ENUM_CONVERSION = YES;
				CLANG_WARN_INFINITE_RECURSION = YES;
				CLANG_WARN_INT_CONVERSION = YES;
				CLANG_WARN_OBJC_ROOT_CLASS = YES_ERROR;
				CLANG_WARN_SUSPICIOUS_MOVE = YES;
				CLANG_WARN_UNREACHABLE_CODE = YES;
				CLANG_WARN__DUPLICATE_METHOD_MATCH = YES;
				"CODE_SIGN_IDENTITY[sdk=iphoneos*]" = "iPhone Developer";
				COPY_PHASE_STRIP = NO;
				DEBUG_INFORMATION_FORMAT = "dwarf-with-dsym";
				ENABLE_NS_ASSERTIONS = NO;
				ENABLE_STRICT_OBJC_MSGSEND = YES;
				GCC_C_LANGUAGE_STANDARD = gnu99;
				GCC_NO_COMMON_BLOCKS = YES;
				GCC_WARN_64_TO_32_BIT_CONVERSION = YES;
				GCC_WARN_ABOUT_RETURN_TYPE = YES_ERROR;
				GCC_WARN_UNDECLARED_SELECTOR = YES;
				GCC_WARN_UNINITIALIZED_AUTOS = YES_AGGRESSIVE;
				GCC_WARN_UNUSED_FUNCTION = YES;
				GCC_WARN_UNUSED_VARIABLE = YES;
				IPHONEOS_DEPLOYMENT_TARGET = 10.2;
				MTL_ENABLE_DEBUG_INFO = NO;
				SDKROOT = iphoneos;
				VALIDATE_PRODUCT = YES;
			};
			name = Release;
		};
		AD09D6B81E49A2BA003AD3AE /* Debug */ = {
			isa = XCBuildConfiguration;
			baseConfigurationReference = 7FA0F06A7FA7CA5C89380412 /* Pods-CZYGoodsDetail.debug.xcconfig */;
			buildSettings = {
				ASSETCATALOG_COMPILER_APPICON_NAME = AppIcon;
				INFOPLIST_FILE = CZYGoodsDetail/Info.plist;
				IPHONEOS_DEPLOYMENT_TARGET = 8.0;
				LD_RUNPATH_SEARCH_PATHS = "$(inherited) @executable_path/Frameworks";
				PRODUCT_BUNDLE_IDENTIFIER = com.xianlife.CZYGoodsDetail;
				PRODUCT_NAME = "$(TARGET_NAME)";
			};
			name = Debug;
		};
		AD09D6B91E49A2BA003AD3AE /* Release */ = {
			isa = XCBuildConfiguration;
			baseConfigurationReference = EC9F3E6B4B8294AB3D21A6E4 /* Pods-CZYGoodsDetail.release.xcconfig */;
			buildSettings = {
				ASSETCATALOG_COMPILER_APPICON_NAME = AppIcon;
				INFOPLIST_FILE = CZYGoodsDetail/Info.plist;
				IPHONEOS_DEPLOYMENT_TARGET = 8.0;
				LD_RUNPATH_SEARCH_PATHS = "$(inherited) @executable_path/Frameworks";
				PRODUCT_BUNDLE_IDENTIFIER = com.xianlife.CZYGoodsDetail;
				PRODUCT_NAME = "$(TARGET_NAME)";
			};
			name = Release;
		};
		AD09D6BB1E49A2BA003AD3AE /* Debug */ = {
			isa = XCBuildConfiguration;
			buildSettings = {
				BUNDLE_LOADER = "$(TEST_HOST)";
				INFOPLIST_FILE = CZYGoodsDetailTests/Info.plist;
				LD_RUNPATH_SEARCH_PATHS = "$(inherited) @executable_path/Frameworks @loader_path/Frameworks";
				PRODUCT_BUNDLE_IDENTIFIER = com.xianlife.CZYGoodsDetailTests;
				PRODUCT_NAME = "$(TARGET_NAME)";
				TEST_HOST = "$(BUILT_PRODUCTS_DIR)/CZYGoodsDetail.app/CZYGoodsDetail";
			};
			name = Debug;
		};
		AD09D6BC1E49A2BA003AD3AE /* Release */ = {
			isa = XCBuildConfiguration;
			buildSettings = {
				BUNDLE_LOADER = "$(TEST_HOST)";
				INFOPLIST_FILE = CZYGoodsDetailTests/Info.plist;
				LD_RUNPATH_SEARCH_PATHS = "$(inherited) @executable_path/Frameworks @loader_path/Frameworks";
				PRODUCT_BUNDLE_IDENTIFIER = com.xianlife.CZYGoodsDetailTests;
				PRODUCT_NAME = "$(TARGET_NAME)";
				TEST_HOST = "$(BUILT_PRODUCTS_DIR)/CZYGoodsDetail.app/CZYGoodsDetail";
			};
			name = Release;
		};
		AD09D6BE1E49A2BA003AD3AE /* Debug */ = {
			isa = XCBuildConfiguration;
			buildSettings = {
				INFOPLIST_FILE = CZYGoodsDetailUITests/Info.plist;
				LD_RUNPATH_SEARCH_PATHS = "$(inherited) @executable_path/Frameworks @loader_path/Frameworks";
				PRODUCT_BUNDLE_IDENTIFIER = com.xianlife.CZYGoodsDetailUITests;
				PRODUCT_NAME = "$(TARGET_NAME)";
				TEST_TARGET_NAME = CZYGoodsDetail;
			};
			name = Debug;
		};
		AD09D6BF1E49A2BA003AD3AE /* Release */ = {
			isa = XCBuildConfiguration;
			buildSettings = {
				INFOPLIST_FILE = CZYGoodsDetailUITests/Info.plist;
				LD_RUNPATH_SEARCH_PATHS = "$(inherited) @executable_path/Frameworks @loader_path/Frameworks";
				PRODUCT_BUNDLE_IDENTIFIER = com.xianlife.CZYGoodsDetailUITests;
				PRODUCT_NAME = "$(TARGET_NAME)";
				TEST_TARGET_NAME = CZYGoodsDetail;
			};
			name = Release;
		};
/* End XCBuildConfiguration section */

/* Begin XCConfigurationList section */
		AD09D6851E49A2BA003AD3AE /* Build configuration list for PBXProject "CZYGoodsDetail" */ = {
			isa = XCConfigurationList;
			buildConfigurations = (
				AD09D6B51E49A2BA003AD3AE /* Debug */,
				AD09D6B61E49A2BA003AD3AE /* Release */,
			);
			defaultConfigurationIsVisible = 0;
			defaultConfigurationName = Release;
		};
		AD09D6B71E49A2BA003AD3AE /* Build configuration list for PBXNativeTarget "CZYGoodsDetail" */ = {
			isa = XCConfigurationList;
			buildConfigurations = (
				AD09D6B81E49A2BA003AD3AE /* Debug */,
				AD09D6B91E49A2BA003AD3AE /* Release */,
			);
			defaultConfigurationIsVisible = 0;
			defaultConfigurationName = Release;
		};
		AD09D6BA1E49A2BA003AD3AE /* Build configuration list for PBXNativeTarget "CZYGoodsDetailTests" */ = {
			isa = XCConfigurationList;
			buildConfigurations = (
				AD09D6BB1E49A2BA003AD3AE /* Debug */,
				AD09D6BC1E49A2BA003AD3AE /* Release */,
			);
			defaultConfigurationIsVisible = 0;
			defaultConfigurationName = Release;
		};
		AD09D6BD1E49A2BA003AD3AE /* Build configuration list for PBXNativeTarget "CZYGoodsDetailUITests" */ = {
			isa = XCConfigurationList;
			buildConfigurations = (
				AD09D6BE1E49A2BA003AD3AE /* Debug */,
				AD09D6BF1E49A2BA003AD3AE /* Release */,
			);
			defaultConfigurationIsVisible = 0;
			defaultConfigurationName = Release;
		};
/* End XCConfigurationList section */
	};
	rootObject = AD09D6821E49A2BA003AD3AE /* Project object */;
}
